<?xml version="1.0" encoding="utf-8"?>
<Project ToolsVersion="4.0" xmlns="http://schemas.microsoft.com/developer/msbuild/2003">
  <ItemGroup>
    <Filter Include="Source Files">
      <UniqueIdentifier>{4FC737F1-C7A5-4376-A066-2A32D752A2FF}</UniqueIdentifier>
      <Extensions>cpp;c;cc;cxx;c++;def;odl;idl;hpj;bat;asm;asmx</Extensions>
    </Filter>
    <Filter Include="Header Files">
      <UniqueIdentifier>{93995380-89BD-4b04-88EB-625FBE52EBFB}</UniqueIdentifier>
      <Extensions>h;hh;hpp;hxx;h++;hm;inl;inc;ipp;xsd</Extensions>
    </Filter>
    <Filter Include="Resource Files">
      <UniqueIdentifier>{67DA6AB6-F800-4c08-8B7A-83BB121AAD01}</UniqueIdentifier>
      <Extensions>rc;ico;cur;bmp;dlg;rc2;rct;bin;rgs;gif;jpg;jpeg;jpe;resx;tiff;tif;png;wav;mfcribbon-ms</Extensions>
    </Filter>
    <Filter Include="Bundled Dependencies">
      <UniqueIdentifier>{256968a6-009b-4651-8ae5-a4f95670f698}</UniqueIdentifier>
    </Filter>
    <Filter Include="Bundled Dependencies\Imgui">
      <UniqueIdentifier>{f04c1d6a-03a0-4b9a-9a0b-c44f562282ab}</UniqueIdentifier>
    </Filter>
    <Filter Include="Steering">
      <UniqueIdentifier>{334872e3-915f-4e65-b016-64a8104431c7}</UniqueIdentifier>
    </Filter>
  </ItemGroup>
  <ItemGroup>
    <ClInclude Include="src\player.h">
      <Filter>Header Files</Filter>
    </ClInclude>
    <ClInclude Include="src\popupText.h">
      <Filter>Header Files</Filter>
    </ClInclude>
    <ClInclude Include="src\rand.h">
      <Filter>Header Files</Filter>
    </ClInclude>
    <ClInclude Include="src\scene_jumpman.h">
      <Filter>Header Files</Filter>
    </ClInclude>
    <ClInclude Include="src\scene_manager.h">
      <Filter>Header Files</Filter>
    </ClInclude>
    <ClInclude Include="src\selfregister.h">
      <Filter>Header Files</Filter>
    </ClInclude>
    <ClInclude Include="src\spawner.h">
      <Filter>Header Files</Filter>
    </ClInclude>
    <ClInclude Include="src\taca.h">
      <Filter>Header Files</Filter>
    </ClInclude>
    <ClInclude Include="src\tilemap.h">
      <Filter>Header Files</Filter>
    </ClInclude>
    <ClInclude Include="src\transition.h">
      <Filter>Header Files</Filter>
    </ClInclude>
    <ClInclude Include="src\vector.h">
      <Filter>Header Files</Filter>
    </ClInclude>
    <ClInclude Include="src\anim_data.h">
      <Filter>Header Files</Filter>
    </ClInclude>
    <ClInclude Include="src\animation.h">
      <Filter>Header Files</Filter>
    </ClInclude>
    <ClInclude Include="src\bounds.h">
      <Filter>Header Files</Filter>
    </ClInclude>
    <ClInclude Include="src\cadaver.h">
      <Filter>Header Files</Filter>
    </ClInclude>
    <ClInclude Include="src\cinta.h">
      <Filter>Header Files</Filter>
    </ClInclude>
    <ClInclude Include="src\cleaner.h">
      <Filter>Header Files</Filter>
    </ClInclude>
    <ClInclude Include="src\collider.h">
      <Filter>Header Files</Filter>
    </ClInclude>
    <ClInclude Include="src\door.h">
      <Filter>Header Files</Filter>
    </ClInclude>
    <ClInclude Include="src\entity.h">
      <Filter>Header Files</Filter>
    </ClInclude>
    <ClInclude Include="src\extremity.h">
      <Filter>Header Files</Filter>
    </ClInclude>
    <ClInclude Include="src\game_data.h">
      <Filter>Header Files</Filter>
    </ClInclude>
    <ClInclude Include="src\input.h">
      <Filter>Header Files</Filter>
    </ClInclude>
    <ClInclude Include="src\intro_scene.h">
      <Filter>Header Files</Filter>
    </ClInclude>
    <ClInclude Include="src\jumpman.h">
      <Filter>Header Files</Filter>
    </ClInclude>
    <ClInclude Include="src\lever.h">
      <Filter>Header Files</Filter>
    </ClInclude>
    <ClInclude Include="src\main_scene.h">
      <Filter>Header Files</Filter>
    </ClInclude>
    <ClInclude Include="src\main_scene_collider.h">
      <Filter>Header Files</Filter>
    </ClInclude>
    <ClInclude Include="src\main_scene_tile.h">
      <Filter>Header Files</Filter>
    </ClInclude>
    <ClInclude Include="src\mates.h">
      <Filter>Header Files</Filter>
    </ClInclude>
    <ClInclude Include="src\mesa.h">
      <Filter>Header Files</Filter>
    </ClInclude>
    <ClInclude Include="imgui_sfml\imconfig-SFML.h">
      <Filter>Bundled Dependencies\Imgui</Filter>
    </ClInclude>
    <ClInclude Include="imgui_sfml\imgui-SFML.h">
      <Filter>Bundled Dependencies\Imgui</Filter>
    </ClInclude>
    <ClInclude Include="imgui_sfml\imgui-SFML_export.h">
      <Filter>Bundled Dependencies\Imgui</Filter>
    </ClInclude>
    <ClInclude Include="imgui\imgui.h">
      <Filter>Bundled Dependencies\Imgui</Filter>
    </ClInclude>
    <ClInclude Include="imgui\imgui_internal.h">
      <Filter>Bundled Dependencies\Imgui</Filter>
    </ClInclude>
    <ClInclude Include="imgui\imstb_rectpack.h">
      <Filter>Bundled Dependencies\Imgui</Filter>
    </ClInclude>
    <ClInclude Include="imgui\imstb_textedit.h">
      <Filter>Bundled Dependencies\Imgui</Filter>
    </ClInclude>
    <ClInclude Include="imgui\imstb_truetype.h">
      <Filter>Bundled Dependencies\Imgui</Filter>
    </ClInclude>
    <ClInclude Include="imgui\imconfig.h">
      <Filter>Bundled Dependencies\Imgui</Filter>
    </ClInclude>
    <ClInclude Include="src\magic_enum.h">
      <Filter>Bundled Dependencies</Filter>
    </ClInclude>
    <ClInclude Include="src\partsys.h">
      <Filter>Header Files</Filter>
    </ClInclude>
    <ClInclude Include="src\matrix2d.h">
      <Filter>Steering</Filter>
    </ClInclude>
    <ClInclude Include="src\bat.h">
      <Filter>Header Files</Filter>
    </ClInclude>
    <ClInclude Include="src\bullet.h">
      <Filter>Header Files</Filter>
    </ClInclude>
    <ClInclude Include="src\hospital_entity.h">
      <Filter>Header Files</Filter>
    </ClInclude>
    <ClInclude Include="src\steering_entity.h">
      <Filter>Steering</Filter>
    </ClInclude>
    <ClInclude Include="src\steering_behavior_applier.h">
      <Filter>Steering</Filter>
    </ClInclude>
    <ClInclude Include="src\steering_behavior.h">
      <Filter>Steering</Filter>
    </ClInclude>
    <ClInclude Include="src\assets.h">
      <Filter>Header Files</Filter>
    </ClInclude>
    <ClInclude Include="src\simplexnoise.h">
      <Filter>Header Files</Filter>
    </ClInclude>
    <ClInclude Include="src\lava.h">
      <Filter>Header Files</Filter>
    </ClInclude>
    <ClInclude Include="src\singleinstance.h">
      <Filter>Header Files</Filter>
    </ClInclude>
    <ClInclude Include="src\destroyedtiles.h">
      <Filter>Header Files</Filter>
    </ClInclude>
    <ClInclude Include="src\spawningtile.h">
      <Filter>Header Files</Filter>
    </ClInclude>
    <ClInclude Include="src\debug.h">
      <Filter>Header Files</Filter>
    </ClInclude>
    <ClInclude Include="src\tiledexport.h">
      <Filter>Header Files</Filter>
    </ClInclude>
    <ClInclude Include="src\screen.h">
      <Filter>Header Files</Filter>
    </ClInclude>
    <ClInclude Include="src\enemy_door.h">
      <Filter>Header Files</Filter>
    </ClInclude>
    <ClInclude Include="src\parallax.h">
      <Filter>Header Files</Filter>
    </ClInclude>
    <ClInclude Include="src\powerups.h">
      <Filter>Header Files</Filter>
    </ClInclude>
    <ClInclude Include="src\savestation.h">
      <Filter>Header Files</Filter>
    </ClInclude>
    <ClInclude Include="src\richtext.h">
      <Filter>Header Files</Filter>
    </ClInclude>
  </ItemGroup>
  <ItemGroup>
    <ClCompile Include="src\rand.cpp">
      <Filter>Source Files</Filter>
    </ClCompile>
    <ClCompile Include="src\scene_jumpman.cpp">
      <Filter>Source Files</Filter>
    </ClCompile>
    <ClCompile Include="src\tilemap.cpp">
      <Filter>Source Files</Filter>
    </ClCompile>
    <ClCompile Include="src\transition.cpp">
      <Filter>Source Files</Filter>
    </ClCompile>
    <ClCompile Include="src\anim_data.cpp">
      <Filter>Source Files</Filter>
    </ClCompile>
    <ClCompile Include="src\input.cpp">
      <Filter>Source Files</Filter>
    </ClCompile>
    <ClCompile Include="src\jumpman.cpp">
      <Filter>Source Files</Filter>
    </ClCompile>
    <ClCompile Include="src\main.cpp">
      <Filter>Source Files</Filter>
    </ClCompile>
    <ClCompile Include="imgui_sfml\imgui-SFML.cpp">
      <Filter>Bundled Dependencies\Imgui</Filter>
    </ClCompile>
    <ClCompile Include="imgui\imgui.cpp">
      <Filter>Bundled Dependencies\Imgui</Filter>
    </ClCompile>
    <ClCompile Include="imgui\imgui_demo.cpp">
      <Filter>Bundled Dependencies\Imgui</Filter>
    </ClCompile>
    <ClCompile Include="imgui\imgui_draw.cpp">
      <Filter>Bundled Dependencies\Imgui</Filter>
    </ClCompile>
    <ClCompile Include="imgui\imgui_widgets.cpp">
      <Filter>Bundled Dependencies\Imgui</Filter>
    </ClCompile>
    <ClCompile Include="src\partsys.cpp">
      <Filter>Source Files</Filter>
    </ClCompile>
    <ClCompile Include="src\bat.cpp">
      <Filter>Source Files</Filter>
    </ClCompile>
    <ClCompile Include="src\steering_behavior.cpp">
      <Filter>Steering</Filter>
    </ClCompile>
    <ClCompile Include="src\vector.cpp">
      <Filter>Source Files</Filter>
    </ClCompile>
    <ClCompile Include="src\assets.cpp">
      <Filter>Source Files</Filter>
    </ClCompile>
    <ClCompile Include="src\simplexnoise.cpp">
      <Filter>Source Files</Filter>
    </ClCompile>
    <ClCompile Include="src\lava.cpp">
      <Filter>Source Files</Filter>
    </ClCompile>
    <ClCompile Include="src\destroyedtiles.cpp">
      <Filter>Source Files</Filter>
    </ClCompile>
    <ClCompile Include="src\spawningtile.cpp">
      <Filter>Source Files</Filter>
    </ClCompile>
    <ClCompile Include="src\debug.cpp">
      <Filter>Source Files</Filter>
    </ClCompile>
    <ClCompile Include="src\tiledexport.cpp">
      <Filter>Source Files</Filter>
    </ClCompile>
    <ClCompile Include="src\screen.cpp">
      <Filter>Source Files</Filter>
    </ClCompile>
    <ClCompile Include="src\enemy_door.cpp">
      <Filter>Source Files</Filter>
    </ClCompile>
    <ClCompile Include="src\parallax.cpp">
      <Filter>Source Files</Filter>
    </ClCompile>
    <ClCompile Include="src\powerups.cpp">
      <Filter>Source Files</Filter>
    </ClCompile>
    <ClCompile Include="src\savestation.cpp">
      <Filter>Source Files</Filter>
    </ClCompile>
    <ClCompile Include="src\richtext.cpp">
      <Filter>Source Files</Filter>
    </ClCompile>
  </ItemGroup>
</Project>